{
  "projects": [
    {
      "projectId": "5tz2ZmHp5z9cRBR3D1tqVc",
      "version": "latest",
      "dependencies": {},
      "lang": "js",
      "fileLocks": [
        {
          "assetId": "5tz2ZmHp5z9cRBR3D1tqVc",
          "checksum": "bdc06acba1b360f455b3bd8a946df816",
          "type": "projectModule"
        },
        {
          "assetId": "5tz2ZmHp5z9cRBR3D1tqVc",
          "checksum": "188baac85706fa68a0a31d8375ce3ea9",
          "type": "styleTokensProvider"
        },
        {
          "type": "renderModule",
          "assetId": "VIIlU2j3CzWY",
          "checksum": "b0c076304c8e9a153cd1a9e1f2f698f6"
        },
        {
          "type": "cssRules",
          "assetId": "VIIlU2j3CzWY",
          "checksum": "b0c076304c8e9a153cd1a9e1f2f698f6"
        },
        {
          "type": "renderModule",
          "assetId": "UL6-r99BsjyB",
          "checksum": "c243bcd0be26309e1b3d731df19b3d2a"
        },
        {
          "type": "cssRules",
          "assetId": "UL6-r99BsjyB",
          "checksum": "c243bcd0be26309e1b3d731df19b3d2a"
        },
        {
          "assetId": "5tz2ZmHp5z9cRBR3D1tqVc",
          "type": "projectCss",
          "checksum": "0eb3b63f1baf41e4a54e11d45ed18539"
        }
      ],
      "codegenVersion": "0.0.2"
    }
  ],
  "cliVersion": "0.1.356"
}
